
Microsoft Visual Studio Solution File, Format Version 12.00
# Visual Studio Version 16
VisualStudioVersion = 16.0.30523.141
MinimumVisualStudioVersion = 10.0.40219.1
Project("{FAE04EC0-301F-11D3-BF4B-00C04F79EFBC}") = "TitaniumControlsApp", "TitaniumControlsApp.csproj", "{940A6957-AF73-4D9C-9C89-25BC0472BE54}"
EndProject
Global
	GlobalSection(SolutionConfigurationPlatforms) = preSolution
		Debug|Any CPU = Debug|Any CPU
		Release|Any CPU = Release|Any CPU
	EndGlobalSection
	GlobalSection(ProjectConfigurationPlatforms) = postSolution
		{940A6957-AF73-4D9C-9C89-25BC0472BE54}.Debug|Any CPU.ActiveCfg = Debug|Any CPU
		{940A6957-AF73-4D9C-9C89-25BC0472BE54}.Debug|Any CPU.Build.0 = Debug|Any CPU
		{940A6957-AF73-4D9C-9C89-25BC0472BE54}.Release|Any CPU.ActiveCfg = Release|Any CPU
		{940A6957-AF73-4D9C-9C89-25BC0472BE54}.Release|Any CPU.Build.0 = Release|Any CPU
	EndGlobalSection
	GlobalSection(SolutionProperties) = preSolution
		HideSolutionNode = FALSE
	EndGlobalSection
	GlobalSection(ExtensibilityGlobals) = postSolution
		SolutionGuid = {0BC3ECC9-6C79-4C4C-8C80-D898E3ADE67A}
	EndGlobalSection
EndGlobal
